
Microsoft Visual Studio Solution File, Format Version 12.00
# Visual Studio Version 16
VisualStudioVersion = 16.0.29827.131
MinimumVisualStudioVersion = 10.0.40219.1
Project("{9A19103F-16F7-4668-BE54-9A1E7A4F7556}") = "BenchmarkOpaWasm", "BenchmarkOpaWasm.csproj", "{5A3915DC-9B1D-439B-881B-D08C5DEC0C6F}"
EndProject
Project("{9A19103F-16F7-4668-BE54-9A1E7A4F7556}") = "Opa.Wasm", "..\..\src\Opa.Wasm\Opa.Wasm.csproj", "{6931C48D-6ABD-4F2D-9E57-56D378A67BFB}"
EndProject
Project("{2150E333-8FDC-42A3-9474-1A3956D46DE8}") = "Docs", "Docs", "{99EF5FA2-774A-4C59-B67F-1ADCA53CFF5B}"
	ProjectSection(SolutionItems) = preProject
		README.md = README.md
	EndProjectSection
EndProject
Global
	GlobalSection(SolutionConfigurationPlatforms) = preSolution
		Debug|Any CPU = Debug|Any CPU
		Release|Any CPU = Release|Any CPU
	EndGlobalSection
	GlobalSection(ProjectConfigurationPlatforms) = postSolution
		{5A3915DC-9B1D-439B-881B-D08C5DEC0C6F}.Debug|Any CPU.ActiveCfg = Debug|Any CPU
		{5A3915DC-9B1D-439B-881B-D08C5DEC0C6F}.Debug|Any CPU.Build.0 = Debug|Any CPU
		{5A3915DC-9B1D-439B-881B-D08C5DEC0C6F}.Release|Any CPU.ActiveCfg = Release|Any CPU
		{5A3915DC-9B1D-439B-881B-D08C5DEC0C6F}.Release|Any CPU.Build.0 = Release|Any CPU
		{6931C48D-6ABD-4F2D-9E57-56D378A67BFB}.Debug|Any CPU.ActiveCfg = Debug|Any CPU
		{6931C48D-6ABD-4F2D-9E57-56D378A67BFB}.Debug|Any CPU.Build.0 = Debug|Any CPU
		{6931C48D-6ABD-4F2D-9E57-56D378A67BFB}.Release|Any CPU.ActiveCfg = Release|Any CPU
		{6931C48D-6ABD-4F2D-9E57-56D378A67BFB}.Release|Any CPU.Build.0 = Release|Any CPU
	EndGlobalSection
	GlobalSection(SolutionProperties) = preSolution
		HideSolutionNode = FALSE
	EndGlobalSection
	GlobalSection(ExtensibilityGlobals) = postSolution
		SolutionGuid = {D2D397F6-B0ED-4698-A7D9-991FA0478FC5}
	EndGlobalSection
EndGlobal
