
Microsoft Visual Studio Solution File, Format Version 12.00
# Visual Studio Version 16
VisualStudioVersion = 16.0.29827.131
MinimumVisualStudioVersion = 10.0.40219.1
Project("{FAE04EC0-301F-11D3-BF4B-00C04F79EFBC}") = "BenchmarkOpaWasm", "BenchmarkOpaWasm.csproj", "{5A3915DC-9B1D-439B-881B-D08C5DEC0C6F}"
EndProject
Global
	GlobalSection(SolutionConfigurationPlatforms) = preSolution
		Debug|Any CPU = Debug|Any CPU
		Release|Any CPU = Release|Any CPU
	EndGlobalSection
	GlobalSection(ProjectConfigurationPlatforms) = postSolution
		{5A3915DC-9B1D-439B-881B-D08C5DEC0C6F}.Debug|Any CPU.ActiveCfg = Debug|Any CPU
		{5A3915DC-9B1D-439B-881B-D08C5DEC0C6F}.Debug|Any CPU.Build.0 = Debug|Any CPU
		{5A3915DC-9B1D-439B-881B-D08C5DEC0C6F}.Release|Any CPU.ActiveCfg = Release|Any CPU
		{5A3915DC-9B1D-439B-881B-D08C5DEC0C6F}.Release|Any CPU.Build.0 = Release|Any CPU
	EndGlobalSection
	GlobalSection(SolutionProperties) = preSolution
		HideSolutionNode = FALSE
	EndGlobalSection
	GlobalSection(ExtensibilityGlobals) = postSolution
		SolutionGuid = {D2D397F6-B0ED-4698-A7D9-991FA0478FC5}
	EndGlobalSection
EndGlobal
